// !$*UTF8*$!
{
	archiveVersion = 1;
	classes = {
	};
	objectVersion = 46;
	objects = {

/* Begin PBXBuildFile section */
		A95DC96D1B6D590F0073C001 /* AppDelegate.swift in Sources */ = {isa = PBXBuildFile; fileRef = A95DC96C1B6D590F0073C001 /* AppDelegate.swift */; };
		A95DC9701B6D590F0073C001 /* Core_Data_Demo.xcdatamodeld in Sources */ = {isa = PBXBuildFile; fileRef = A95DC96E1B6D590F0073C001 /* Core_Data_Demo.xcdatamodeld */; };
		A95DC9721B6D590F0073C001 /* ViewController.swift in Sources */ = {isa = PBXBuildFile; fileRef = A95DC9711B6D590F0073C001 /* ViewController.swift */; };
		A95DC9751B6D590F0073C001 /* Main.storyboard in Resources */ = {isa = PBXBuildFile; fileRef = A95DC9731B6D590F0073C001 /* Main.storyboard */; };
		A95DC9771B6D590F0073C001 /* Images.xcassets in Resources */ = {isa = PBXBuildFile; fileRef = A95DC9761B6D590F0073C001 /* Images.xcassets */; };
		A95DC97A1B6D590F0073C001 /* LaunchScreen.xib in Resources */ = {isa = PBXBuildFile; fileRef = A95DC9781B6D590F0073C001 /* LaunchScreen.xib */; };
		A95DC9861B6D590F0073C001 /* Core_Data_DemoTests.swift in Sources */ = {isa = PBXBuildFile; fileRef = A95DC9851B6D590F0073C001 /* Core_Data_DemoTests.swift */; };
/* End PBXBuildFile section */

/* Begin PBXContainerItemProxy section */
		A95DC9801B6D590F0073C001 /* PBXContainerItemProxy */ = {
			isa = PBXContainerItemProxy;
			containerPortal = A95DC95F1B6D590F0073C001 /* Project object */;
			proxyType = 1;
			remoteGlobalIDString = A95DC9661B6D590F0073C001;
			remoteInfo = "Core Data Demo";
		};
/* End PBXContainerItemProxy section */

/* Begin PBXFileReference section */
		A95DC9671B6D590F0073C001 /* Core Data Demo.app */ = {isa = PBXFileReference; explicitFileType = wrapper.application; includeInIndex = 0; path = "Core Data Demo.app"; sourceTree = BUILT_PRODUCTS_DIR; };
		A95DC96B1B6D590F0073C001 /* Info.plist */ = {isa = PBXFileReference; lastKnownFileType = text.plist.xml; path = Info.plist; sourceTree = "<group>"; };
		A95DC96C1B6D590F0073C001 /* AppDelegate.swift */ = {isa = PBXFileReference; lastKnownFileType = sourcecode.swift; path = AppDelegate.swift; sourceTree = "<group>"; };
		A95DC96F1B6D590F0073C001 /* Core_Data_Demo.xcdatamodel */ = {isa = PBXFileReference; lastKnownFileType = wrapper.xcdatamodel; path = Core_Data_Demo.xcdatamodel; sourceTree = "<group>"; };
		A95DC9711B6D590F0073C001 /* ViewController.swift */ = {isa = PBXFileReference; lastKnownFileType = sourcecode.swift; path = ViewController.swift; sourceTree = "<group>"; };
		A95DC9741B6D590F0073C001 /* Base */ = {isa = PBXFileReference; lastKnownFileType = file.storyboard; name = Base; path = Base.lproj/Main.storyboard; sourceTree = "<group>"; };
		A95DC9761B6D590F0073C001 /* Images.xcassets */ = {isa = PBXFileReference; lastKnownFileType = folder.assetcatalog; path = Images.xcassets; sourceTree = "<group>"; };
		A95DC9791B6D590F0073C001 /* Base */ = {isa = PBXFileReference; lastKnownFileType = file.xib; name = Base; path = Base.lproj/LaunchScreen.xib; sourceTree = "<group>"; };
		A95DC97F1B6D590F0073C001 /* Core Data DemoTests.xctest */ = {isa = PBXFileReference; explicitFileType = wrapper.cfbundle; includeInIndex = 0; path = "Core Data DemoTests.xctest"; sourceTree = BUILT_PRODUCTS_DIR; };
		A95DC9841B6D590F0073C001 /* Info.plist */ = {isa = PBXFileReference; lastKnownFileType = text.plist.xml; path = Info.plist; sourceTree = "<group>"; };
		A95DC9851B6D590F0073C001 /* Core_Data_DemoTests.swift */ = {isa = PBXFileReference; lastKnownFileType = sourcecode.swift; path = Core_Data_DemoTests.swift; sourceTree = "<group>"; };
/* End PBXFileReference section */

/* Begin PBXFrameworksBuildPhase section */
		A95DC9641B6D590F0073C001 /* Frameworks */ = {
			isa = PBXFrameworksBuildPhase;
			buildActionMask = 2147483647;
			files = (
			);
			runOnlyForDeploymentPostprocessing = 0;
		};
		A95DC97C1B6D590F0073C001 /* Frameworks */ = {
			isa = PBXFrameworksBuildPhase;
			buildActionMask = 2147483647;
			files = (
			);
			runOnlyForDeploymentPostprocessing = 0;
		};
/* End PBXFrameworksBuildPhase section */

/* Begin PBXGroup section */
		A95DC95E1B6D590F0073C001 = {
			isa = PBXGroup;
			children = (
				A95DC9691B6D590F0073C001 /* Core Data Demo */,
				A95DC9821B6D590F0073C001 /* Core Data DemoTests */,
				A95DC9681B6D590F0073C001 /* Products */,
			);
			sourceTree = "<group>";
		};
		A95DC9681B6D590F0073C001 /* Products */ = {
			isa = PBXGroup;
			children = (
				A95DC9671B6D590F0073C001 /* Core Data Demo.app */,
				A95DC97F1B6D590F0073C001 /* Core Data DemoTests.xctest */,
			);
			name = Products;
			sourceTree = "<group>";
		};
		A95DC9691B6D590F0073C001 /* Core Data Demo */ = {
			isa = PBXGroup;
			children = (
				A95DC96C1B6D590F0073C001 /* AppDelegate.swift */,
				A95DC9711B6D590F0073C001 /* ViewController.swift */,
				A95DC9731B6D590F0073C001 /* Main.storyboard */,
				A95DC9761B6D590F0073C001 /* Images.xcassets */,
				A95DC9781B6D590F0073C001 /* LaunchScreen.xib */,
				A95DC96E1B6D590F0073C001 /* Core_Data_Demo.xcdatamodeld */,
				A95DC96A1B6D590F0073C001 /* Supporting Files */,
			);
			path = "Core Data Demo";
			sourceTree = "<group>";
		};
		A95DC96A1B6D590F0073C001 /* Supporting Files */ = {
			isa = PBXGroup;
			children = (
				A95DC96B1B6D590F0073C001 /* Info.plist */,
			);
			name = "Supporting Files";
			sourceTree = "<group>";
		};
		A95DC9821B6D590F0073C001 /* Core Data DemoTests */ = {
			isa = PBXGroup;
			children = (
				A95DC9851B6D590F0073C001 /* Core_Data_DemoTests.swift */,
				A95DC9831B6D590F0073C001 /* Supporting Files */,
			);
			path = "Core Data DemoTests";
			sourceTree = "<group>";
		};
		A95DC9831B6D590F0073C001 /* Supporting Files */ = {
			isa = PBXGroup;
			children = (
				A95DC9841B6D590F0073C001 /* Info.plist */,
			);
			name = "Supporting Files";
			sourceTree = "<group>";
		};
/* End PBXGroup section */

/* Begin PBXNativeTarget section */
		A95DC9661B6D590F0073C001 /* Core Data Demo */ = {
			isa = PBXNativeTarget;
			buildConfigurationList = A95DC9891B6D590F0073C001 /* Build configuration list for PBXNativeTarget "Core Data Demo" */;
			buildPhases = (
				A95DC9631B6D590F0073C001 /* Sources */,
				A95DC9641B6D590F0073C001 /* Frameworks */,
				A95DC9651B6D590F0073C001 /* Resources */,
			);
			buildRules = (
			);
			dependencies = (
			);
			name = "Core Data Demo";
			productName = "Core Data Demo";
			productReference = A95DC9671B6D590F0073C001 /* Core Data Demo.app */;
			productType = "com.apple.product-type.application";
		};
		A95DC97E1B6D590F0073C001 /* Core Data DemoTests */ = {
			isa = PBXNativeTarget;
			buildConfigurationList = A95DC98C1B6D590F0073C001 /* Build configuration list for PBXNativeTarget "Core Data DemoTests" */;
			buildPhases = (
				A95DC97B1B6D590F0073C001 /* Sources */,
				A95DC97C1B6D590F0073C001 /* Frameworks */,
				A95DC97D1B6D590F0073C001 /* Resources */,
			);
			buildRules = (
			);
			dependencies = (
				A95DC9811B6D590F0073C001 /* PBXTargetDependency */,
			);
			name = "Core Data DemoTests";
			productName = "Core Data DemoTests";
			productReference = A95DC97F1B6D590F0073C001 /* Core Data DemoTests.xctest */;
			productType = "com.apple.product-type.bundle.unit-test";
		};
/* End PBXNativeTarget section */

/* Begin PBXProject section */
		A95DC95F1B6D590F0073C001 /* Project object */ = {
			isa = PBXProject;
			attributes = {
				LastUpgradeCheck = 0640;
				ORGANIZATIONNAME = Marco;
				TargetAttributes = {
					A95DC9661B6D590F0073C001 = {
						CreatedOnToolsVersion = 6.4;
					};
					A95DC97E1B6D590F0073C001 = {
						CreatedOnToolsVersion = 6.4;
						TestTargetID = A95DC9661B6D590F0073C001;
					};
				};
			};
			buildConfigurationList = A95DC9621B6D590F0073C001 /* Build configuration list for PBXProject "Core Data Demo" */;
			compatibilityVersion = "Xcode 3.2";
			developmentRegion = English;
			hasScannedForEncodings = 0;
			knownRegions = (
				en,
				Base,
			);
			mainGroup = A95DC95E1B6D590F0073C001;
			productRefGroup = A95DC9681B6D590F0073C001 /* Products */;
			projectDirPath = "";
			projectRoot = "";
			targets = (
				A95DC9661B6D590F0073C001 /* Core Data Demo */,
				A95DC97E1B6D590F0073C001 /* Core Data DemoTests */,
			);
		};
/* End PBXProject section */

/* Begin PBXResourcesBuildPhase section */
		A95DC9651B6D590F0073C001 /* Resources */ = {
			isa = PBXResourcesBuildPhase;
			buildActionMask = 2147483647;
			files = (
				A95DC9751B6D590F0073C001 /* Main.storyboard in Resources */,
				A95DC97A1B6D590F0073C001 /* LaunchScreen.xib in Resources */,
				A95DC9771B6D590F0073C001 /* Images.xcassets in Resources */,
			);
			runOnlyForDeploymentPostprocessing = 0;
		};
		A95DC97D1B6D590F0073C001 /* Resources */ = {
			isa = PBXResourcesBuildPhase;
			buildActionMask = 2147483647;
			files = (
			);
			runOnlyForDeploymentPostprocessing = 0;
		};
/* End PBXResourcesBuildPhase section */

/* Begin PBXSourcesBuildPhase section */
		A95DC9631B6D590F0073C001 /* Sources */ = {
			isa = PBXSourcesBuildPhase;
			buildActionMask = 2147483647;
			files = (
				A95DC9721B6D590F0073C001 /* ViewController.swift in Sources */,
				A95DC96D1B6D590F0073C001 /* AppDelegate.swift in Sources */,
				A95DC9701B6D590F0073C001 /* Core_Data_Demo.xcdatamodeld in Sources */,
			);
			runOnlyForDeploymentPostprocessing = 0;
		};
		A95DC97B1B6D590F0073C001 /* Sources */ = {
			isa = PBXSourcesBuildPhase;
			buildActionMask = 2147483647;
			files = (
				A95DC9861B6D590F0073C001 /* Core_Data_DemoTests.swift in Sources */,
			);
			runOnlyForDeploymentPostprocessing = 0;
		};
/* End PBXSourcesBuildPhase section */

/* Begin PBXTargetDependency section */
		A95DC9811B6D590F0073C001 /* PBXTargetDependency */ = {
			isa = PBXTargetDependency;
			target = A95DC9661B6D590F0073C001 /* Core Data Demo */;
			targetProxy = A95DC9801B6D590F0073C001 /* PBXContainerItemProxy */;
		};
/* End PBXTargetDependency section */

/* Begin PBXVariantGroup section */
		A95DC9731B6D590F0073C001 /* Main.storyboard */ = {
			isa = PBXVariantGroup;
			children = (
				A95DC9741B6D590F0073C001 /* Base */,
			);
			name = Main.storyboard;
			sourceTree = "<group>";
		};
		A95DC9781B6D590F0073C001 /* LaunchScreen.xib */ = {
			isa = PBXVariantGroup;
			children = (
				A95DC9791B6D590F0073C001 /* Base */,
			);
			name = LaunchScreen.xib;
			sourceTree = "<group>";
		};
/* End PBXVariantGroup section */

/* Begin XCBuildConfiguration section */
		A95DC9871B6D590F0073C001 /* Debug */ = {
			isa = XCBuildConfiguration;
			buildSettings = {
				ALWAYS_SEARCH_USER_PATHS = NO;
				CLANG_CXX_LANGUAGE_STANDARD = "gnu++0x";
				CLANG_CXX_LIBRARY = "libc++";
				CLANG_ENABLE_MODULES = YES;
				CLANG_ENABLE_OBJC_ARC = YES;
				CLANG_WARN_BOOL_CONVERSION = YES;
				CLANG_WARN_CONSTANT_CONVERSION = YES;
				CLANG_WARN_DIRECT_OBJC_ISA_USAGE = YES_ERROR;
				CLANG_WARN_EMPTY_BODY = YES;
				CLANG_WARN_ENUM_CONVERSION = YES;
				CLANG_WARN_INT_CONVERSION = YES;
				CLANG_WARN_OBJC_ROOT_CLASS = YES_ERROR;
				CLANG_WARN_UNREACHABLE_CODE = YES;
				CLANG_WARN__DUPLICATE_METHOD_MATCH = YES;
				"CODE_SIGN_IDENTITY[sdk=iphoneos*]" = "iPhone Developer";
				COPY_PHASE_STRIP = NO;
				DEBUG_INFORMATION_FORMAT = "dwarf-with-dsym";
				ENABLE_STRICT_OBJC_MSGSEND = YES;
				GCC_C_LANGUAGE_STANDARD = gnu99;
				GCC_DYNAMIC_NO_PIC = NO;
				GCC_NO_COMMON_BLOCKS = YES;
				GCC_OPTIMIZATION_LEVEL = 0;
				GCC_PREPROCESSOR_DEFINITIONS = (
					"DEBUG=1",
					"$(inherited)",
				);
				GCC_SYMBOLS_PRIVATE_EXTERN = NO;
				GCC_WARN_64_TO_32_BIT_CONVERSION = YES;
				GCC_WARN_ABOUT_RETURN_TYPE = YES_ERROR;
				GCC_WARN_UNDECLARED_SELECTOR = YES;
				GCC_WARN_UNINITIALIZED_AUTOS = YES_AGGRESSIVE;
				GCC_WARN_UNUSED_FUNCTION = YES;
				GCC_WARN_UNUSED_VARIABLE = YES;
				IPHONEOS_DEPLOYMENT_TARGET = 8.4;
				MTL_ENABLE_DEBUG_INFO = YES;
				ONLY_ACTIVE_ARCH = YES;
				SDKROOT = iphoneos;
				SWIFT_OPTIMIZATION_LEVEL = "-Onone";
				TARGETED_DEVICE_FAMILY = "1,2";
			};
			name = Debug;
		};
		A95DC9881B6D590F0073C001 /* Release */ = {
			isa = XCBuildConfiguration;
			buildSettings = {
				ALWAYS_SEARCH_USER_PATHS = NO;
				CLANG_CXX_LANGUAGE_STANDARD = "gnu++0x";
				CLANG_CXX_LIBRARY = "libc++";
				CLANG_ENABLE_MODULES = YES;
				CLANG_ENABLE_OBJC_ARC = YES;
				CLANG_WARN_BOOL_CONVERSION = YES;
				CLANG_WARN_CONSTANT_CONVERSION = YES;
				CLANG_WARN_DIRECT_OBJC_ISA_USAGE = YES_ERROR;
				CLANG_WARN_EMPTY_BODY = YES;
				CLANG_WARN_ENUM_CONVERSION = YES;
				CLANG_WARN_INT_CONVERSION = YES;
				CLANG_WARN_OBJC_ROOT_CLASS = YES_ERROR;
				CLANG_WARN_UNREACHABLE_CODE = YES;
				CLANG_WARN__DUPLICATE_METHOD_MATCH = YES;
				"CODE_SIGN_IDENTITY[sdk=iphoneos*]" = "iPhone Developer";
				COPY_PHASE_STRIP = NO;
				DEBUG_INFORMATION_FORMAT = "dwarf-with-dsym";
				ENABLE_NS_ASSERTIONS = NO;
				ENABLE_STRICT_OBJC_MSGSEND = YES;
				GCC_C_LANGUAGE_STANDARD = gnu99;
				GCC_NO_COMMON_BLOCKS = YES;
				GCC_WARN_64_TO_32_BIT_CONVERSION = YES;
				GCC_WARN_ABOUT_RETURN_TYPE = YES_ERROR;
				GCC_WARN_UNDECLARED_SELECTOR = YES;
				GCC_WARN_UNINITIALIZED_AUTOS = YES_AGGRESSIVE;
				GCC_WARN_UNUSED_FUNCTION = YES;
				GCC_WARN_UNUSED_VARIABLE = YES;
				IPHONEOS_DEPLOYMENT_TARGET = 8.4;
				MTL_ENABLE_DEBUG_INFO = NO;
				SDKROOT = iphoneos;
				TARGETED_DEVICE_FAMILY = "1,2";
				VALIDATE_PRODUCT = YES;
			};
			name = Release;
		};
		A95DC98A1B6D590F0073C001 /* Debug */ = {
			isa = XCBuildConfiguration;
			buildSettings = {
				ASSETCATALOG_COMPILER_APPICON_NAME = AppIcon;
				INFOPLIST_FILE = "Core Data Demo/Info.plist";
				LD_RUNPATH_SEARCH_PATHS = "$(inherited) @executable_path/Frameworks";
				PRODUCT_NAME = "$(TARGET_NAME)";
			};
			name = Debug;
		};
		A95DC98B1B6D590F0073C001 /* Release */ = {
			isa = XCBuildConfiguration;
			buildSettings = {
				ASSETCATALOG_COMPILER_APPICON_NAME = AppIcon;
				INFOPLIST_FILE = "Core Data Demo/Info.plist";
				LD_RUNPATH_SEARCH_PATHS = "$(inherited) @executable_path/Frameworks";
				PRODUCT_NAME = "$(TARGET_NAME)";
			};
			name = Release;
		};
		A95DC98D1B6D590F0073C001 /* Debug */ = {
			isa = XCBuildConfiguration;
			buildSettings = {
				BUNDLE_LOADER = "$(TEST_HOST)";
				FRAMEWORK_SEARCH_PATHS = (
					"$(SDKROOT)/Developer/Library/Frameworks",
					"$(inherited)",
				);
				GCC_PREPROCESSOR_DEFINITIONS = (
					"DEBUG=1",
					"$(inherited)",
				);
				INFOPLIST_FILE = "Core Data DemoTests/Info.plist";
				LD_RUNPATH_SEARCH_PATHS = "$(inherited) @executable_path/Frameworks @loader_path/Frameworks";
				PRODUCT_NAME = "$(TARGET_NAME)";
				TEST_HOST = "$(BUILT_PRODUCTS_DIR)/Core Data Demo.app/Core Data Demo";
			};
			name = Debug;
		};
		A95DC98E1B6D590F0073C001 /* Release */ = {
			isa = XCBuildConfiguration;
			buildSettings = {
				BUNDLE_LOADER = "$(TEST_HOST)";
				FRAMEWORK_SEARCH_PATHS = (
					"$(SDKROOT)/Developer/Library/Frameworks",
					"$(inherited)",
				);
				INFOPLIST_FILE = "Core Data DemoTests/Info.plist";
				LD_RUNPATH_SEARCH_PATHS = "$(inherited) @executable_path/Frameworks @loader_path/Frameworks";
				PRODUCT_NAME = "$(TARGET_NAME)";
				TEST_HOST = "$(BUILT_PRODUCTS_DIR)/Core Data Demo.app/Core Data Demo";
			};
			name = Release;
		};
/* End XCBuildConfiguration section */

/* Begin XCConfigurationList section */
		A95DC9621B6D590F0073C001 /* Build configuration list for PBXProject "Core Data Demo" */ = {
			isa = XCConfigurationList;
			buildConfigurations = (
				A95DC9871B6D590F0073C001 /* Debug */,
				A95DC9881B6D590F0073C001 /* Release */,
			);
			defaultConfigurationIsVisible = 0;
			defaultConfigurationName = Release;
		};
		A95DC9891B6D590F0073C001 /* Build configuration list for PBXNativeTarget "Core Data Demo" */ = {
			isa = XCConfigurationList;
			buildConfigurations = (
				A95DC98A1B6D590F0073C001 /* Debug */,
				A95DC98B1B6D590F0073C001 /* Release */,
			);
			defaultConfigurationIsVisible = 0;
		};
		A95DC98C1B6D590F0073C001 /* Build configuration list for PBXNativeTarget "Core Data DemoTests" */ = {
			isa = XCConfigurationList;
			buildConfigurations = (
				A95DC98D1B6D590F0073C001 /* Debug */,
				A95DC98E1B6D590F0073C001 /* Release */,
			);
			defaultConfigurationIsVisible = 0;
		};
/* End XCConfigurationList section */

/* Begin XCVersionGroup section */
		A95DC96E1B6D590F0073C001 /* Core_Data_Demo.xcdatamodeld */ = {
			isa = XCVersionGroup;
			children = (
				A95DC96F1B6D590F0073C001 /* Core_Data_Demo.xcdatamodel */,
			);
			currentVersion = A95DC96F1B6D590F0073C001 /* Core_Data_Demo.xcdatamodel */;
			path = Core_Data_Demo.xcdatamodeld;
			sourceTree = "<group>";
			versionGroupType = wrapper.xcdatamodel;
		};
/* End XCVersionGroup section */
	};
	rootObject = A95DC95F1B6D590F0073C001 /* Project object */;
}
